{
  "name": "blog",
  "version": "1.0.0",
  "lockfileVersion": 1,
  "requires": true,
  "dependencies": {
    "@types/geojson": {
      "version": "1.0.3",
      "resolved": "http://registry.npm.taobao.org/@types/geojson/download/@types/geojson-1.0.3.tgz",
      "integrity": "sha1-+89/pett0QjVE4XMaYfsHyQhRSM="
    },
    "@types/node": {
      "version": "8.0.30",
      "resolved": "http://registry.npm.taobao.org/@types/node/download/@types/node-8.0.30.tgz",
      "integrity": "sha1-qjxClG/GNXc36yFTSf5yizhnnQU="
    },
    "ansicolors": {
      "version": "0.2.1",
      "resolved": "http://registry.npm.taobao.org/ansicolors/download/ansicolors-0.2.1.tgz",
      "integrity": "sha1-vgiVmQl7dKXJxKhKDNvNtivYeu8="
    },
    "bluebird": {
      "version": "3.5.0",
      "resolved": "http://registry.npm.taobao.org/bluebird/download/bluebird-3.5.0.tgz",
      "integrity": "sha1-eRQg1/VR7qKJdFOop3ZT+WYG1nw="
    },
    "cardinal": {
      "version": "1.0.0",
      "resolved": "http://registry.npm.taobao.org/cardinal/download/cardinal-1.0.0.tgz",
      "integrity": "sha1-UOIcGwqjdyn5N33vGWtanOyTLuk=",
      "requires": {
        "ansicolors": "0.2.1",
        "redeyed": "1.0.1"
      }
    },
    "cls-bluebird": {
      "version": "2.0.1",
      "resolved": "http://registry.npm.taobao.org/cls-bluebird/download/cls-bluebird-2.0.1.tgz",
      "integrity": "sha1-wlmkgK4CwOUGE0MHuxPbMERu4uc=",
      "requires": {
        "is-bluebird": "1.0.2",
        "shimmer": "1.1.0"
      }
    },
    "core-util-is": {
      "version": "1.0.2",
      "resolved": "http://registry.npm.taobao.org/core-util-is/download/core-util-is-1.0.2.tgz",
      "integrity": "sha1-tf1UIgqivFq1eqtxQMlAdUUDwac="
    },
    "debug": {
      "version": "3.0.1",
      "resolved": "http://registry.npm.taobao.org/debug/download/debug-3.0.1.tgz",
      "integrity": "sha1-BWTGErUh3JLZ8piPBUnjT5yY22Q=",
      "requires": {
        "ms": "2.0.0"
      }
    },
    "denque": {
      "version": "1.2.2",
      "resolved": "http://registry.npm.taobao.org/denque/download/denque-1.2.2.tgz",
      "integrity": "sha1-4Gz3zw2outyIy9qr+PwKcNZZ8dQ="
    },
    "depd": {
      "version": "1.1.1",
      "resolved": "http://registry.npm.taobao.org/depd/download/depd-1.1.1.tgz",
      "integrity": "sha1-V4O04cRZ8G+lyif5kfPQbnoxA1k="
    },
    "dottie": {
      "version": "2.0.0",
      "resolved": "http://registry.npm.taobao.org/dottie/download/dottie-2.0.0.tgz",
      "integrity": "sha1-2hkZgci41xPKARXViYzzl8Lw3dA="
    },
    "esprima": {
      "version": "3.0.0",
      "resolved": "http://registry.npm.taobao.org/esprima/download/esprima-3.0.0.tgz",
      "integrity": "sha1-U88kes2ncxPlUcOqLnM0LT+099k="
    },
    "generate-function": {
      "version": "2.0.0",
      "resolved": "http://registry.npm.taobao.org/generate-function/download/generate-function-2.0.0.tgz",
      "integrity": "sha1-aFj+fAlpt9TpCTM3ZHrHn2DfvnQ="
    },
    "generic-pool": {
      "version": "3.1.8",
      "resolved": "http://registry.npm.taobao.org/generic-pool/download/generic-pool-3.1.8.tgz",
      "integrity": "sha1-CYRLZUW8kXfsIYvTXUrYlMZb4nE="
    },
    "iconv-lite": {
      "version": "0.4.19",
      "resolved": "http://registry.npm.taobao.org/iconv-lite/download/iconv-lite-0.4.19.tgz",
      "integrity": "sha1-90aPYBNfXl2tM5nAqBvpoWA6CCs="
    },
    "inflection": {
      "version": "1.12.0",
      "resolved": "http://registry.npm.taobao.org/inflection/download/inflection-1.12.0.tgz",
      "integrity": "sha1-ogCTVlbW9fa8TcdQLhrstwMihBY="
    },
    "inherits": {
      "version": "2.0.3",
      "resolved": "http://registry.npm.taobao.org/inherits/download/inherits-2.0.3.tgz",
      "integrity": "sha1-Yzwsg+PaQqUC9SRmAiSA9CCCYd4="
    },
    "is-bluebird": {
      "version": "1.0.2",
      "resolved": "http://registry.npm.taobao.org/is-bluebird/download/is-bluebird-1.0.2.tgz",
      "integrity": "sha1-CWQ5Bg9KpBGr7hkUOoTWpVNG1uI="
    },
    "isarray": {
      "version": "1.0.0",
      "resolved": "http://registry.npm.taobao.org/isarray/download/isarray-1.0.0.tgz",
      "integrity": "sha1-u5NdSFgsuhaMBoNJV6VKPgcSTxE="
    },
    "lodash": {
      "version": "4.17.4",
      "resolved": "http://registry.npm.taobao.org/lodash/download/lodash-4.17.4.tgz",
      "integrity": "sha1-eCA6TRwyiuHYbcpkYONptX9AVa4="
    },
    "long": {
      "version": "3.2.0",
      "resolved": "http://registry.npm.taobao.org/long/download/long-3.2.0.tgz",
      "integrity": "sha1-2CG3E4yhy1gcFymQ7xTbIAtcR0s="
    },
    "lru-cache": {
      "version": "4.1.1",
      "resolved": "http://registry.npm.taobao.org/lru-cache/download/lru-cache-4.1.1.tgz",
      "integrity": "sha1-Yi4y6CSItJJ5EUpPns9F581rulU=",
      "requires": {
        "pseudomap": "1.0.2",
        "yallist": "2.1.2"
      }
    },
    "moment": {
      "version": "2.18.1",
      "resolved": "http://registry.npm.taobao.org/moment/download/moment-2.18.1.tgz",
      "integrity": "sha1-w2GT3Tzhwu7SrbfIAtu8d6gbHA8="
    },
    "moment-timezone": {
      "version": "0.5.13",
      "resolved": "http://registry.npm.taobao.org/moment-timezone/download/moment-timezone-0.5.13.tgz",
      "integrity": "sha1-mc5cfYJyYusPH3AgRBd/YHRde5A=",
      "requires": {
        "moment": "2.18.1"
      }
    },
    "ms": {
      "version": "2.0.0",
      "resolved": "http://registry.npm.taobao.org/ms/download/ms-2.0.0.tgz",
      "integrity": "sha1-VgiurfwAvmwpAd9fmGF4jeDVl8g="
    },
    "mysql2": {
      "version": "1.4.2",
      "resolved": "http://registry.npm.taobao.org/mysql2/download/mysql2-1.4.2.tgz",
      "integrity": "sha1-teBACf1tY/AHVSU9+IVAolMmQLI=",
      "requires": {
        "cardinal": "1.0.0",
        "denque": "1.2.2",
        "generate-function": "2.0.0",
        "iconv-lite": "0.4.19",
        "long": "3.2.0",
        "lru-cache": "4.1.1",
        "named-placeholders": "1.1.1",
        "object-assign": "4.1.1",
        "readable-stream": "2.3.2",
        "safe-buffer": "5.1.1",
        "seq-queue": "0.0.5",
        "sqlstring": "2.2.0"
      }
    },
    "named-placeholders": {
      "version": "1.1.1",
      "resolved": "http://registry.npm.taobao.org/named-placeholders/download/named-placeholders-1.1.1.tgz",
      "integrity": "sha1-O3oNJiA910s6nfTJz7gnsvuQfmQ=",
      "requires": {
        "lru-cache": "2.5.0"
      },
      "dependencies": {
        "lru-cache": {
          "version": "2.5.0",
          "resolved": "http://registry.npm.taobao.org/lru-cache/download/lru-cache-2.5.0.tgz",
          "integrity": "sha1-2COIrpyWC+y+oMc7uet5tsbOmus="
        }
      }
    },
    "object-assign": {
      "version": "4.1.1",
      "resolved": "http://registry.npm.taobao.org/object-assign/download/object-assign-4.1.1.tgz",
      "integrity": "sha1-IQmtx5ZYh8/AXLvUQsrIv7s2CGM="
    },
    "process-nextick-args": {
      "version": "1.0.7",
      "resolved": "http://registry.npm.taobao.org/process-nextick-args/download/process-nextick-args-1.0.7.tgz",
      "integrity": "sha1-FQ4gt1ZZCtP5EJPyWk8q2L/zC6M="
    },
    "pseudomap": {
      "version": "1.0.2",
      "resolved": "http://registry.npm.taobao.org/pseudomap/download/pseudomap-1.0.2.tgz",
      "integrity": "sha1-8FKijacOYYkX7wqKw0wa5aaChrM="
    },
    "readable-stream": {
      "version": "2.3.2",
      "resolved": "http://registry.npm.taobao.org/readable-stream/download/readable-stream-2.3.2.tgz",
      "integrity": "sha1-WgTfBeT1f+Pw3Gj90R3FyXx+b00=",
      "requires": {
        "core-util-is": "1.0.2",
        "inherits": "2.0.3",
        "isarray": "1.0.0",
        "process-nextick-args": "1.0.7",
        "safe-buffer": "5.1.1",
        "string_decoder": "1.0.3",
        "util-deprecate": "1.0.2"
      }
    },
    "redeyed": {
      "version": "1.0.1",
      "resolved": "http://registry.npm.taobao.org/redeyed/download/redeyed-1.0.1.tgz",
      "integrity": "sha1-6WwZO0DAgWsArshCaY5hGF5VSYo=",
      "requires": {
        "esprima": "3.0.0"
      }
    },
    "retry-as-promised": {
      "version": "2.3.1",
      "resolved": "http://registry.npm.taobao.org/retry-as-promised/download/retry-as-promised-2.3.1.tgz",
      "integrity": "sha1-91BZGD+XMHccCbrR7tV1N5McvJ0=",
      "requires": {
        "bluebird": "3.5.0",
        "debug": "2.6.9"
      },
      "dependencies": {
        "debug": {
          "version": "2.6.9",
          "resolved": "http://registry.npm.taobao.org/debug/download/debug-2.6.9.tgz",
          "integrity": "sha1-XRKFFd8TT/Mn6QpMk/Tgd6U2NB8=",
          "requires": {
            "ms": "2.0.0"
          }
        }
      }
    },
    "safe-buffer": {
      "version": "5.1.1",
      "resolved": "http://registry.npm.taobao.org/safe-buffer/download/safe-buffer-5.1.1.tgz",
      "integrity": "sha1-iTMSr2myEj3vcfV4iQAWce6yyFM="
    },
    "semver": {
      "version": "5.4.1",
      "resolved": "http://registry.npm.taobao.org/semver/download/semver-5.4.1.tgz",
      "integrity": "sha1-4FnAnYVx8FQII3M0M1BdOi8AsY4="
    },
    "seq-queue": {
      "version": "0.0.5",
      "resolved": "http://registry.npm.taobao.org/seq-queue/download/seq-queue-0.0.5.tgz",
      "integrity": "sha1-1WgS4cAXpuTnw+Ojeh2m143TyT4="
    },
    "sequelize": {
      "version": "4.10.2",
      "resolved": "http://registry.npm.taobao.org/sequelize/download/sequelize-4.10.2.tgz",
      "integrity": "sha1-wX+K/a8fRvHFwWPr098g6btyK8w=",
      "requires": {
        "bluebird": "3.5.0",
        "cls-bluebird": "2.0.1",
        "debug": "3.0.1",
        "depd": "1.1.1",
        "dottie": "2.0.0",
        "generic-pool": "3.1.8",
        "inflection": "1.12.0",
        "lodash": "4.17.4",
        "moment": "2.18.1",
        "moment-timezone": "0.5.13",
        "retry-as-promised": "2.3.1",
        "semver": "5.4.1",
        "terraformer-wkt-parser": "1.1.2",
        "toposort-class": "1.0.1",
        "uuid": "3.1.0",
        "validator": "8.2.0",
        "wkx": "0.4.2"
      }
    },
    "shimmer": {
      "version": "1.1.0",
      "resolved": "http://registry.npm.taobao.org/shimmer/download/shimmer-1.1.0.tgz",
      "integrity": "sha1-l9c3cTf/u6tCVSLkKf4KqJpIizU="
    },
    "sqlstring": {
      "version": "2.2.0",
      "resolved": "http://registry.npm.taobao.org/sqlstring/download/sqlstring-2.2.0.tgz",
      "integrity": "sha1-wxNcTqirzX5+50GklmqJHYak8ZE="
    },
    "string_decoder": {
      "version": "1.0.3",
      "resolved": "http://registry.npm.taobao.org/string_decoder/download/string_decoder-1.0.3.tgz",
      "integrity": "sha1-D8Z9fBQYJd6UKC3VNr7GubzoYKs=",
      "requires": {
        "safe-buffer": "5.1.1"
      }
    },
    "terraformer": {
      "version": "1.0.8",
      "resolved": "http://registry.npm.taobao.org/terraformer/download/terraformer-1.0.8.tgz",
      "integrity": "sha1-UeCtiXRvzyFh3G9lqnDkI3fItZM=",
      "requires": {
        "@types/geojson": "1.0.3"
      }
    },
    "terraformer-wkt-parser": {
      "version": "1.1.2",
      "resolved": "http://registry.npm.taobao.org/terraformer-wkt-parser/download/terraformer-wkt-parser-1.1.2.tgz",
      "integrity": "sha1-M2oMj8gglKWv+DKI9prt7NNpvww=",
      "requires": {
        "terraformer": "1.0.8"
      }
    },
    "toposort-class": {
      "version": "1.0.1",
      "resolved": "http://registry.npm.taobao.org/toposort-class/download/toposort-class-1.0.1.tgz",
      "integrity": "sha1-f/0feMi+KMO6Rc1OGj9e4ZO9mYg="
    },
    "util-deprecate": {
      "version": "1.0.2",
      "resolved": "http://registry.npm.taobao.org/util-deprecate/download/util-deprecate-1.0.2.tgz",
      "integrity": "sha1-RQ1Nyfpw3nMnYvvS1KKJgUGaDM8="
    },
    "uuid": {
      "version": "3.1.0",
      "resolved": "http://registry.npm.taobao.org/uuid/download/uuid-3.1.0.tgz",
      "integrity": "sha1-PdPT55Crwk17DToDT/q6vijrvAQ="
    },
    "validator": {
      "version": "8.2.0",
      "resolved": "http://registry.npm.taobao.org/validator/download/validator-8.2.0.tgz",
      "integrity": "sha1-PBI3KQ43CSNVNE/veMIxJJ2rd7k="
    },
    "vue": {
      "version": "2.4.4",
      "resolved": "http://registry.npm.taobao.org/vue/download/vue-2.4.4.tgz",
      "integrity": "sha1-6pVQuWpxRl/SuLF7YWc7NWGGF4k="
    },
    "wkx": {
      "version": "0.4.2",
      "resolved": "http://registry.npm.taobao.org/wkx/download/wkx-0.4.2.tgz",
      "integrity": "sha1-d201pjSlwi5lbkdEvetU+D/Szo0=",
      "requires": {
        "@types/node": "8.0.30"
      }
    },
    "yallist": {
      "version": "2.1.2",
      "resolved": "http://registry.npm.taobao.org/yallist/download/yallist-2.1.2.tgz",
      "integrity": "sha1-HBH5IY8HYImkfdUS+TxmmaaoHVI="
    }
  }
}
